
Microsoft Visual Studio Solution File, Format Version 12.00
# Visual Studio Version 16
VisualStudioVersion = 16.0.31727.386
MinimumVisualStudioVersion = 10.0.40219.1
Project("{FAE04EC0-301F-11D3-BF4B-00C04F79EFBC}") = "AppMVC01", "AppMVC01.csproj", "{450A0976-F3CB-4DC8-B3BD-2AE30E83C3C7}"
EndProject
Global
	GlobalSection(SolutionConfigurationPlatforms) = preSolution
		Debug|Any CPU = Debug|Any CPU
		Release|Any CPU = Release|Any CPU
	EndGlobalSection
	GlobalSection(ProjectConfigurationPlatforms) = postSolution
		{450A0976-F3CB-4DC8-B3BD-2AE30E83C3C7}.Debug|Any CPU.ActiveCfg = Debug|Any CPU
		{450A0976-F3CB-4DC8-B3BD-2AE30E83C3C7}.Debug|Any CPU.Build.0 = Debug|Any CPU
		{450A0976-F3CB-4DC8-B3BD-2AE30E83C3C7}.Release|Any CPU.ActiveCfg = Release|Any CPU
		{450A0976-F3CB-4DC8-B3BD-2AE30E83C3C7}.Release|Any CPU.Build.0 = Release|Any CPU
	EndGlobalSection
	GlobalSection(SolutionProperties) = preSolution
		HideSolutionNode = FALSE
	EndGlobalSection
	GlobalSection(ExtensibilityGlobals) = postSolution
		SolutionGuid = {1074C5CD-822E-4E63-925D-6FCB2A68A164}
	EndGlobalSection
EndGlobal
